
Microsoft Visual Studio Solution File, Format Version 12.00
# Visual Studio Version 17
VisualStudioVersion = 17.4.33403.182
MinimumVisualStudioVersion = 10.0.40219.1
Project("{FAE04EC0-301F-11D3-BF4B-00C04F79EFBC}") = "WebAppMovie", "WebAppMovie.csproj", "{FBFE6566-226C-44B7-8EFD-AD5F5107B7EB}"
EndProject
Global
	GlobalSection(SolutionConfigurationPlatforms) = preSolution
		Debug|Any CPU = Debug|Any CPU
		Release|Any CPU = Release|Any CPU
	EndGlobalSection
	GlobalSection(ProjectConfigurationPlatforms) = postSolution
		{FBFE6566-226C-44B7-8EFD-AD5F5107B7EB}.Debug|Any CPU.ActiveCfg = Debug|Any CPU
		{FBFE6566-226C-44B7-8EFD-AD5F5107B7EB}.Debug|Any CPU.Build.0 = Debug|Any CPU
		{FBFE6566-226C-44B7-8EFD-AD5F5107B7EB}.Release|Any CPU.ActiveCfg = Release|Any CPU
		{FBFE6566-226C-44B7-8EFD-AD5F5107B7EB}.Release|Any CPU.Build.0 = Release|Any CPU
	EndGlobalSection
	GlobalSection(SolutionProperties) = preSolution
		HideSolutionNode = FALSE
	EndGlobalSection
	GlobalSection(ExtensibilityGlobals) = postSolution
		SolutionGuid = {22AB9250-0804-458D-A2DE-D2434120C9E5}
	EndGlobalSection
EndGlobal
